
Microsoft Visual Studio Solution File, Format Version 12.00
# Visual Studio Version 16
VisualStudioVersion = 16.0.30320.27
MinimumVisualStudioVersion = 10.0.40219.1
Project("{FAE04EC0-301F-11D3-BF4B-00C04F79EFBC}") = "XML ile Veri Çekme", "XML ile Veri Çekme\XML ile Veri Çekme.csproj", "{35C64765-D1E6-46AC-AE96-E0086F9BC7C8}"
EndProject
Global
	GlobalSection(SolutionConfigurationPlatforms) = preSolution
		Debug|Any CPU = Debug|Any CPU
		Release|Any CPU = Release|Any CPU
	EndGlobalSection
	GlobalSection(ProjectConfigurationPlatforms) = postSolution
		{35C64765-D1E6-46AC-AE96-E0086F9BC7C8}.Debug|Any CPU.ActiveCfg = Debug|Any CPU
		{35C64765-D1E6-46AC-AE96-E0086F9BC7C8}.Debug|Any CPU.Build.0 = Debug|Any CPU
		{35C64765-D1E6-46AC-AE96-E0086F9BC7C8}.Release|Any CPU.ActiveCfg = Release|Any CPU
		{35C64765-D1E6-46AC-AE96-E0086F9BC7C8}.Release|Any CPU.Build.0 = Release|Any CPU
	EndGlobalSection
	GlobalSection(SolutionProperties) = preSolution
		HideSolutionNode = FALSE
	EndGlobalSection
	GlobalSection(ExtensibilityGlobals) = postSolution
		SolutionGuid = {94E37562-2867-478C-9332-52449085FF04}
	EndGlobalSection
EndGlobal
