
Microsoft Visual Studio Solution File, Format Version 12.00
# Visual Studio Version 16
VisualStudioVersion = 16.0.30907.101
MinimumVisualStudioVersion = 10.0.40219.1
Project("{FAE04EC0-301F-11D3-BF4B-00C04F79EFBC}") = "Delegates", "Delegates\Delegates.csproj", "{C74952F4-293F-4691-AEB1-FB9F246F703D}"
EndProject
Global
	GlobalSection(SolutionConfigurationPlatforms) = preSolution
		Debug|Any CPU = Debug|Any CPU
		Release|Any CPU = Release|Any CPU
	EndGlobalSection
	GlobalSection(ProjectConfigurationPlatforms) = postSolution
		{C74952F4-293F-4691-AEB1-FB9F246F703D}.Debug|Any CPU.ActiveCfg = Debug|Any CPU
		{C74952F4-293F-4691-AEB1-FB9F246F703D}.Debug|Any CPU.Build.0 = Debug|Any CPU
		{C74952F4-293F-4691-AEB1-FB9F246F703D}.Release|Any CPU.ActiveCfg = Release|Any CPU
		{C74952F4-293F-4691-AEB1-FB9F246F703D}.Release|Any CPU.Build.0 = Release|Any CPU
	EndGlobalSection
	GlobalSection(SolutionProperties) = preSolution
		HideSolutionNode = FALSE
	EndGlobalSection
	GlobalSection(ExtensibilityGlobals) = postSolution
		SolutionGuid = {65704FF8-9B9C-496F-A869-DB37A870D097}
	EndGlobalSection
EndGlobal
